
Microsoft Visual Studio Solution File, Format Version 12.00
# Visual Studio 15
VisualStudioVersion = 15.0.28010.2050
MinimumVisualStudioVersion = 10.0.40219.1
Project("{FAE04EC0-301F-11D3-BF4B-00C04F79EFBC}") = "PastPlacesApp.Android", "PastPlacesApp\PastPlacesApp.Android\PastPlacesApp.Android.csproj", "{1687EB23-CF51-4837-A3F2-8B8F19097F5B}"
EndProject
Project("{FAE04EC0-301F-11D3-BF4B-00C04F79EFBC}") = "PastPlacesApp.iOS", "PastPlacesApp\PastPlacesApp.iOS\PastPlacesApp.iOS.csproj", "{20136BCD-514C-4D89-AD3B-DF72DBDFF617}"
EndProject
Project("{FAE04EC0-301F-11D3-BF4B-00C04F79EFBC}") = "PastPlacesApp.UWP", "PastPlacesApp\PastPlacesApp.UWP\PastPlacesApp.UWP.csproj", "{1A9F1129-1D23-4B65-A0A7-99C20C286E43}"
EndProject
Project("{FAE04EC0-301F-11D3-BF4B-00C04F79EFBC}") = "PastPlacesApp", "PastPlacesApp\PastPlacesApp\PastPlacesApp.csproj", "{6D49BBF7-C2F7-48B6-B3F1-D6452B235DCD}"
EndProject
Global
	GlobalSection(SolutionConfigurationPlatforms) = preSolution
		Ad-Hoc|Any CPU = Ad-Hoc|Any CPU
		Ad-Hoc|ARM = Ad-Hoc|ARM
		Ad-Hoc|iPhone = Ad-Hoc|iPhone
		Ad-Hoc|iPhoneSimulator = Ad-Hoc|iPhoneSimulator
		Ad-Hoc|x64 = Ad-Hoc|x64
		Ad-Hoc|x86 = Ad-Hoc|x86
		AppStore|Any CPU = AppStore|Any CPU
		AppStore|ARM = AppStore|ARM
		AppStore|iPhone = AppStore|iPhone
		AppStore|iPhoneSimulator = AppStore|iPhoneSimulator
		AppStore|x64 = AppStore|x64
		AppStore|x86 = AppStore|x86
		Debug|Any CPU = Debug|Any CPU
		Debug|ARM = Debug|ARM
		Debug|iPhone = Debug|iPhone
		Debug|iPhoneSimulator = Debug|iPhoneSimulator
		Debug|x64 = Debug|x64
		Debug|x86 = Debug|x86
		Release|Any CPU = Release|Any CPU
		Release|ARM = Release|ARM
		Release|iPhone = Release|iPhone
		Release|iPhoneSimulator = Release|iPhoneSimulator
		Release|x64 = Release|x64
		Release|x86 = Release|x86
	EndGlobalSection
	GlobalSection(ProjectConfigurationPlatforms) = postSolution
		{1687EB23-CF51-4837-A3F2-8B8F19097F5B}.Ad-Hoc|Any CPU.ActiveCfg = Release|Any CPU
		{1687EB23-CF51-4837-A3F2-8B8F19097F5B}.Ad-Hoc|Any CPU.Build.0 = Release|Any CPU
		{1687EB23-CF51-4837-A3F2-8B8F19097F5B}.Ad-Hoc|Any CPU.Deploy.0 = Release|Any CPU
		{1687EB23-CF51-4837-A3F2-8B8F19097F5B}.Ad-Hoc|ARM.ActiveCfg = Release|Any CPU
		{1687EB23-CF51-4837-A3F2-8B8F19097F5B}.Ad-Hoc|ARM.Build.0 = Release|Any CPU
		{1687EB23-CF51-4837-A3F2-8B8F19097F5B}.Ad-Hoc|ARM.Deploy.0 = Release|Any CPU
		{1687EB23-CF51-4837-A3F2-8B8F19097F5B}.Ad-Hoc|iPhone.ActiveCfg = Release|Any CPU
		{1687EB23-CF51-4837-A3F2-8B8F19097F5B}.Ad-Hoc|iPhone.Build.0 = Release|Any CPU
		{1687EB23-CF51-4837-A3F2-8B8F19097F5B}.Ad-Hoc|iPhone.Deploy.0 = Release|Any CPU
		{1687EB23-CF51-4837-A3F2-8B8F19097F5B}.Ad-Hoc|iPhoneSimulator.ActiveCfg = Release|Any CPU
		{1687EB23-CF51-4837-A3F2-8B8F19097F5B}.Ad-Hoc|iPhoneSimulator.Build.0 = Release|Any CPU
		{1687EB23-CF51-4837-A3F2-8B8F19097F5B}.Ad-Hoc|iPhoneSimulator.Deploy.0 = Release|Any CPU
		{1687EB23-CF51-4837-A3F2-8B8F19097F5B}.Ad-Hoc|x64.ActiveCfg = Release|Any CPU
		{1687EB23-CF51-4837-A3F2-8B8F19097F5B}.Ad-Hoc|x64.Build.0 = Release|Any CPU
		{1687EB23-CF51-4837-A3F2-8B8F19097F5B}.Ad-Hoc|x64.Deploy.0 = Release|Any CPU
		{1687EB23-CF51-4837-A3F2-8B8F19097F5B}.Ad-Hoc|x86.ActiveCfg = Release|Any CPU
		{1687EB23-CF51-4837-A3F2-8B8F19097F5B}.Ad-Hoc|x86.Build.0 = Release|Any CPU
		{1687EB23-CF51-4837-A3F2-8B8F19097F5B}.Ad-Hoc|x86.Deploy.0 = Release|Any CPU
		{1687EB23-CF51-4837-A3F2-8B8F19097F5B}.AppStore|Any CPU.ActiveCfg = Release|Any CPU
		{1687EB23-CF51-4837-A3F2-8B8F19097F5B}.AppStore|Any CPU.Build.0 = Release|Any CPU
		{1687EB23-CF51-4837-A3F2-8B8F19097F5B}.AppStore|Any CPU.Deploy.0 = Release|Any CPU
		{1687EB23-CF51-4837-A3F2-8B8F19097F5B}.AppStore|ARM.ActiveCfg = Release|Any CPU
		{1687EB23-CF51-4837-A3F2-8B8F19097F5B}.AppStore|ARM.Build.0 = Release|Any CPU
		{1687EB23-CF51-4837-A3F2-8B8F19097F5B}.AppStore|ARM.Deploy.0 = Release|Any CPU
		{1687EB23-CF51-4837-A3F2-8B8F19097F5B}.AppStore|iPhone.ActiveCfg = Release|Any CPU
		{1687EB23-CF51-4837-A3F2-8B8F19097F5B}.AppStore|iPhone.Build.0 = Release|Any CPU
		{1687EB23-CF51-4837-A3F2-8B8F19097F5B}.AppStore|iPhone.Deploy.0 = Release|Any CPU
		{1687EB23-CF51-4837-A3F2-8B8F19097F5B}.AppStore|iPhoneSimulator.ActiveCfg = Release|Any CPU
		{1687EB23-CF51-4837-A3F2-8B8F19097F5B}.AppStore|iPhoneSimulator.Build.0 = Release|Any CPU
		{1687EB23-CF51-4837-A3F2-8B8F19097F5B}.AppStore|iPhoneSimulator.Deploy.0 = Release|Any CPU
		{1687EB23-CF51-4837-A3F2-8B8F19097F5B}.AppStore|x64.ActiveCfg = Release|Any CPU
		{1687EB23-CF51-4837-A3F2-8B8F19097F5B}.AppStore|x64.Build.0 = Release|Any CPU
		{1687EB23-CF51-4837-A3F2-8B8F19097F5B}.AppStore|x64.Deploy.0 = Release|Any CPU
		{1687EB23-CF51-4837-A3F2-8B8F19097F5B}.AppStore|x86.ActiveCfg = Release|Any CPU
		{1687EB23-CF51-4837-A3F2-8B8F19097F5B}.AppStore|x86.Build.0 = Release|Any CPU
		{1687EB23-CF51-4837-A3F2-8B8F19097F5B}.AppStore|x86.Deploy.0 = Release|Any CPU
		{1687EB23-CF51-4837-A3F2-8B8F19097F5B}.Debug|Any CPU.ActiveCfg = Debug|Any CPU
		{1687EB23-CF51-4837-A3F2-8B8F19097F5B}.Debug|Any CPU.Build.0 = Debug|Any CPU
		{1687EB23-CF51-4837-A3F2-8B8F19097F5B}.Debug|Any CPU.Deploy.0 = Debug|Any CPU
		{1687EB23-CF51-4837-A3F2-8B8F19097F5B}.Debug|ARM.ActiveCfg = Debug|Any CPU
		{1687EB23-CF51-4837-A3F2-8B8F19097F5B}.Debug|ARM.Build.0 = Debug|Any CPU
		{1687EB23-CF51-4837-A3F2-8B8F19097F5B}.Debug|ARM.Deploy.0 = Debug|Any CPU
		{1687EB23-CF51-4837-A3F2-8B8F19097F5B}.Debug|iPhone.ActiveCfg = Debug|Any CPU
		{1687EB23-CF51-4837-A3F2-8B8F19097F5B}.Debug|iPhone.Build.0 = Debug|Any CPU
		{1687EB23-CF51-4837-A3F2-8B8F19097F5B}.Debug|iPhone.Deploy.0 = Debug|Any CPU
		{1687EB23-CF51-4837-A3F2-8B8F19097F5B}.Debug|iPhoneSimulator.ActiveCfg = Debug|Any CPU
		{1687EB23-CF51-4837-A3F2-8B8F19097F5B}.Debug|iPhoneSimulator.Build.0 = Debug|Any CPU
		{1687EB23-CF51-4837-A3F2-8B8F19097F5B}.Debug|iPhoneSimulator.Deploy.0 = Debug|Any CPU
		{1687EB23-CF51-4837-A3F2-8B8F19097F5B}.Debug|x64.ActiveCfg = Debug|Any CPU
		{1687EB23-CF51-4837-A3F2-8B8F19097F5B}.Debug|x64.Build.0 = Debug|Any CPU
		{1687EB23-CF51-4837-A3F2-8B8F19097F5B}.Debug|x64.Deploy.0 = Debug|Any CPU
		{1687EB23-CF51-4837-A3F2-8B8F19097F5B}.Debug|x86.ActiveCfg = Debug|Any CPU
		{1687EB23-CF51-4837-A3F2-8B8F19097F5B}.Debug|x86.Build.0 = Debug|Any CPU
		{1687EB23-CF51-4837-A3F2-8B8F19097F5B}.Debug|x86.Deploy.0 = Debug|Any CPU
		{1687EB23-CF51-4837-A3F2-8B8F19097F5B}.Release|Any CPU.ActiveCfg = Release|Any CPU
		{1687EB23-CF51-4837-A3F2-8B8F19097F5B}.Release|Any CPU.Build.0 = Release|Any CPU
		{1687EB23-CF51-4837-A3F2-8B8F19097F5B}.Release|Any CPU.Deploy.0 = Release|Any CPU
		{1687EB23-CF51-4837-A3F2-8B8F19097F5B}.Release|ARM.ActiveCfg = Release|Any CPU
		{1687EB23-CF51-4837-A3F2-8B8F19097F5B}.Release|ARM.Build.0 = Release|Any CPU
		{1687EB23-CF51-4837-A3F2-8B8F19097F5B}.Release|ARM.Deploy.0 = Release|Any CPU
		{1687EB23-CF51-4837-A3F2-8B8F19097F5B}.Release|iPhone.ActiveCfg = Release|Any CPU
		{1687EB23-CF51-4837-A3F2-8B8F19097F5B}.Release|iPhone.Build.0 = Release|Any CPU
		{1687EB23-CF51-4837-A3F2-8B8F19097F5B}.Release|iPhone.Deploy.0 = Release|Any CPU
		{1687EB23-CF51-4837-A3F2-8B8F19097F5B}.Release|iPhoneSimulator.ActiveCfg = Release|Any CPU
		{1687EB23-CF51-4837-A3F2-8B8F19097F5B}.Release|iPhoneSimulator.Build.0 = Release|Any CPU
		{1687EB23-CF51-4837-A3F2-8B8F19097F5B}.Release|iPhoneSimulator.Deploy.0 = Release|Any CPU
		{1687EB23-CF51-4837-A3F2-8B8F19097F5B}.Release|x64.ActiveCfg = Release|Any CPU
		{1687EB23-CF51-4837-A3F2-8B8F19097F5B}.Release|x64.Build.0 = Release|Any CPU
		{1687EB23-CF51-4837-A3F2-8B8F19097F5B}.Release|x64.Deploy.0 = Release|Any CPU
		{1687EB23-CF51-4837-A3F2-8B8F19097F5B}.Release|x86.ActiveCfg = Release|Any CPU
		{1687EB23-CF51-4837-A3F2-8B8F19097F5B}.Release|x86.Build.0 = Release|Any CPU
		{1687EB23-CF51-4837-A3F2-8B8F19097F5B}.Release|x86.Deploy.0 = Release|Any CPU
		{20136BCD-514C-4D89-AD3B-DF72DBDFF617}.Ad-Hoc|Any CPU.ActiveCfg = Ad-Hoc|iPhone
		{20136BCD-514C-4D89-AD3B-DF72DBDFF617}.Ad-Hoc|Any CPU.Build.0 = Ad-Hoc|iPhone
		{20136BCD-514C-4D89-AD3B-DF72DBDFF617}.Ad-Hoc|Any CPU.Deploy.0 = Ad-Hoc|iPhone
		{20136BCD-514C-4D89-AD3B-DF72DBDFF617}.Ad-Hoc|ARM.ActiveCfg = Ad-Hoc|iPhone
		{20136BCD-514C-4D89-AD3B-DF72DBDFF617}.Ad-Hoc|ARM.Build.0 = Ad-Hoc|iPhone
		{20136BCD-514C-4D89-AD3B-DF72DBDFF617}.Ad-Hoc|ARM.Deploy.0 = Ad-Hoc|iPhone
		{20136BCD-514C-4D89-AD3B-DF72DBDFF617}.Ad-Hoc|iPhone.ActiveCfg = Ad-Hoc|iPhone
		{20136BCD-514C-4D89-AD3B-DF72DBDFF617}.Ad-Hoc|iPhone.Build.0 = Ad-Hoc|iPhone
		{20136BCD-514C-4D89-AD3B-DF72DBDFF617}.Ad-Hoc|iPhone.Deploy.0 = Ad-Hoc|iPhone
		{20136BCD-514C-4D89-AD3B-DF72DBDFF617}.Ad-Hoc|iPhoneSimulator.ActiveCfg = Ad-Hoc|iPhoneSimulator
		{20136BCD-514C-4D89-AD3B-DF72DBDFF617}.Ad-Hoc|iPhoneSimulator.Build.0 = Ad-Hoc|iPhoneSimulator
		{20136BCD-514C-4D89-AD3B-DF72DBDFF617}.Ad-Hoc|iPhoneSimulator.Deploy.0 = Ad-Hoc|iPhoneSimulator
		{20136BCD-514C-4D89-AD3B-DF72DBDFF617}.Ad-Hoc|x64.ActiveCfg = Ad-Hoc|iPhone
		{20136BCD-514C-4D89-AD3B-DF72DBDFF617}.Ad-Hoc|x64.Build.0 = Ad-Hoc|iPhone
		{20136BCD-514C-4D89-AD3B-DF72DBDFF617}.Ad-Hoc|x64.Deploy.0 = Ad-Hoc|iPhone
		{20136BCD-514C-4D89-AD3B-DF72DBDFF617}.Ad-Hoc|x86.ActiveCfg = Ad-Hoc|iPhone
		{20136BCD-514C-4D89-AD3B-DF72DBDFF617}.Ad-Hoc|x86.Build.0 = Ad-Hoc|iPhone
		{20136BCD-514C-4D89-AD3B-DF72DBDFF617}.Ad-Hoc|x86.Deploy.0 = Ad-Hoc|iPhone
		{20136BCD-514C-4D89-AD3B-DF72DBDFF617}.AppStore|Any CPU.ActiveCfg = AppStore|iPhone
		{20136BCD-514C-4D89-AD3B-DF72DBDFF617}.AppStore|Any CPU.Build.0 = AppStore|iPhone
		{20136BCD-514C-4D89-AD3B-DF72DBDFF617}.AppStore|Any CPU.Deploy.0 = AppStore|iPhone
		{20136BCD-514C-4D89-AD3B-DF72DBDFF617}.AppStore|ARM.ActiveCfg = AppStore|iPhone
		{20136BCD-514C-4D89-AD3B-DF72DBDFF617}.AppStore|ARM.Build.0 = AppStore|iPhone
		{20136BCD-514C-4D89-AD3B-DF72DBDFF617}.AppStore|ARM.Deploy.0 = AppStore|iPhone
		{20136BCD-514C-4D89-AD3B-DF72DBDFF617}.AppStore|iPhone.ActiveCfg = AppStore|iPhone
		{20136BCD-514C-4D89-AD3B-DF72DBDFF617}.AppStore|iPhone.Build.0 = AppStore|iPhone
		{20136BCD-514C-4D89-AD3B-DF72DBDFF617}.AppStore|iPhone.Deploy.0 = AppStore|iPhone
		{20136BCD-514C-4D89-AD3B-DF72DBDFF617}.AppStore|iPhoneSimulator.ActiveCfg = AppStore|iPhoneSimulator
		{20136BCD-514C-4D89-AD3B-DF72DBDFF617}.AppStore|iPhoneSimulator.Build.0 = AppStore|iPhoneSimulator
		{20136BCD-514C-4D89-AD3B-DF72DBDFF617}.AppStore|iPhoneSimulator.Deploy.0 = AppStore|iPhoneSimulator
		{20136BCD-514C-4D89-AD3B-DF72DBDFF617}.AppStore|x64.ActiveCfg = AppStore|iPhone
		{20136BCD-514C-4D89-AD3B-DF72DBDFF617}.AppStore|x64.Build.0 = AppStore|iPhone
		{20136BCD-514C-4D89-AD3B-DF72DBDFF617}.AppStore|x64.Deploy.0 = AppStore|iPhone
		{20136BCD-514C-4D89-AD3B-DF72DBDFF617}.AppStore|x86.ActiveCfg = AppStore|iPhone
		{20136BCD-514C-4D89-AD3B-DF72DBDFF617}.AppStore|x86.Build.0 = AppStore|iPhone
		{20136BCD-514C-4D89-AD3B-DF72DBDFF617}.AppStore|x86.Deploy.0 = AppStore|iPhone
		{20136BCD-514C-4D89-AD3B-DF72DBDFF617}.Debug|Any CPU.ActiveCfg = Debug|iPhoneSimulator
		{20136BCD-514C-4D89-AD3B-DF72DBDFF617}.Debug|Any CPU.Build.0 = Debug|iPhoneSimulator
		{20136BCD-514C-4D89-AD3B-DF72DBDFF617}.Debug|Any CPU.Deploy.0 = Debug|iPhoneSimulator
		{20136BCD-514C-4D89-AD3B-DF72DBDFF617}.Debug|ARM.ActiveCfg = Debug|iPhone
		{20136BCD-514C-4D89-AD3B-DF72DBDFF617}.Debug|ARM.Build.0 = Debug|iPhone
		{20136BCD-514C-4D89-AD3B-DF72DBDFF617}.Debug|ARM.Deploy.0 = Debug|iPhone
		{20136BCD-514C-4D89-AD3B-DF72DBDFF617}.Debug|iPhone.ActiveCfg = Debug|iPhone
		{20136BCD-514C-4D89-AD3B-DF72DBDFF617}.Debug|iPhone.Build.0 = Debug|iPhone
		{20136BCD-514C-4D89-AD3B-DF72DBDFF617}.Debug|iPhone.Deploy.0 = Debug|iPhone
		{20136BCD-514C-4D89-AD3B-DF72DBDFF617}.Debug|iPhoneSimulator.ActiveCfg = Debug|iPhoneSimulator
		{20136BCD-514C-4D89-AD3B-DF72DBDFF617}.Debug|iPhoneSimulator.Build.0 = Debug|iPhoneSimulator
		{20136BCD-514C-4D89-AD3B-DF72DBDFF617}.Debug|iPhoneSimulator.Deploy.0 = Debug|iPhoneSimulator
		{20136BCD-514C-4D89-AD3B-DF72DBDFF617}.Debug|x64.ActiveCfg = Debug|iPhone
		{20136BCD-514C-4D89-AD3B-DF72DBDFF617}.Debug|x64.Build.0 = Debug|iPhone
		{20136BCD-514C-4D89-AD3B-DF72DBDFF617}.Debug|x64.Deploy.0 = Debug|iPhone
		{20136BCD-514C-4D89-AD3B-DF72DBDFF617}.Debug|x86.ActiveCfg = Debug|iPhone
		{20136BCD-514C-4D89-AD3B-DF72DBDFF617}.Debug|x86.Build.0 = Debug|iPhone
		{20136BCD-514C-4D89-AD3B-DF72DBDFF617}.Debug|x86.Deploy.0 = Debug|iPhone
		{20136BCD-514C-4D89-AD3B-DF72DBDFF617}.Release|Any CPU.ActiveCfg = Release|iPhone
		{20136BCD-514C-4D89-AD3B-DF72DBDFF617}.Release|Any CPU.Build.0 = Release|iPhone
		{20136BCD-514C-4D89-AD3B-DF72DBDFF617}.Release|Any CPU.Deploy.0 = Release|iPhone
		{20136BCD-514C-4D89-AD3B-DF72DBDFF617}.Release|ARM.ActiveCfg = Release|iPhone
		{20136BCD-514C-4D89-AD3B-DF72DBDFF617}.Release|ARM.Build.0 = Release|iPhone
		{20136BCD-514C-4D89-AD3B-DF72DBDFF617}.Release|ARM.Deploy.0 = Release|iPhone
		{20136BCD-514C-4D89-AD3B-DF72DBDFF617}.Release|iPhone.ActiveCfg = Release|iPhone
		{20136BCD-514C-4D89-AD3B-DF72DBDFF617}.Release|iPhone.Build.0 = Release|iPhone
		{20136BCD-514C-4D89-AD3B-DF72DBDFF617}.Release|iPhone.Deploy.0 = Release|iPhone
		{20136BCD-514C-4D89-AD3B-DF72DBDFF617}.Release|iPhoneSimulator.ActiveCfg = Release|iPhoneSimulator
		{20136BCD-514C-4D89-AD3B-DF72DBDFF617}.Release|iPhoneSimulator.Build.0 = Release|iPhoneSimulator
		{20136BCD-514C-4D89-AD3B-DF72DBDFF617}.Release|iPhoneSimulator.Deploy.0 = Release|iPhoneSimulator
		{20136BCD-514C-4D89-AD3B-DF72DBDFF617}.Release|x64.ActiveCfg = Release|iPhone
		{20136BCD-514C-4D89-AD3B-DF72DBDFF617}.Release|x64.Build.0 = Release|iPhone
		{20136BCD-514C-4D89-AD3B-DF72DBDFF617}.Release|x64.Deploy.0 = Release|iPhone
		{20136BCD-514C-4D89-AD3B-DF72DBDFF617}.Release|x86.ActiveCfg = Release|iPhone
		{20136BCD-514C-4D89-AD3B-DF72DBDFF617}.Release|x86.Build.0 = Release|iPhone
		{20136BCD-514C-4D89-AD3B-DF72DBDFF617}.Release|x86.Deploy.0 = Release|iPhone
		{1A9F1129-1D23-4B65-A0A7-99C20C286E43}.Ad-Hoc|Any CPU.ActiveCfg = Release|x86
		{1A9F1129-1D23-4B65-A0A7-99C20C286E43}.Ad-Hoc|Any CPU.Build.0 = Release|x86
		{1A9F1129-1D23-4B65-A0A7-99C20C286E43}.Ad-Hoc|Any CPU.Deploy.0 = Release|x86
		{1A9F1129-1D23-4B65-A0A7-99C20C286E43}.Ad-Hoc|ARM.ActiveCfg = Release|ARM
		{1A9F1129-1D23-4B65-A0A7-99C20C286E43}.Ad-Hoc|ARM.Build.0 = Release|ARM
		{1A9F1129-1D23-4B65-A0A7-99C20C286E43}.Ad-Hoc|ARM.Deploy.0 = Release|ARM
		{1A9F1129-1D23-4B65-A0A7-99C20C286E43}.Ad-Hoc|iPhone.ActiveCfg = Release|x86
		{1A9F1129-1D23-4B65-A0A7-99C20C286E43}.Ad-Hoc|iPhone.Build.0 = Release|x86
		{1A9F1129-1D23-4B65-A0A7-99C20C286E43}.Ad-Hoc|iPhone.Deploy.0 = Release|x86
		{1A9F1129-1D23-4B65-A0A7-99C20C286E43}.Ad-Hoc|iPhoneSimulator.ActiveCfg = Release|x86
		{1A9F1129-1D23-4B65-A0A7-99C20C286E43}.Ad-Hoc|iPhoneSimulator.Build.0 = Release|x86
		{1A9F1129-1D23-4B65-A0A7-99C20C286E43}.Ad-Hoc|iPhoneSimulator.Deploy.0 = Release|x86
		{1A9F1129-1D23-4B65-A0A7-99C20C286E43}.Ad-Hoc|x64.ActiveCfg = Release|x64
		{1A9F1129-1D23-4B65-A0A7-99C20C286E43}.Ad-Hoc|x64.Build.0 = Release|x64
		{1A9F1129-1D23-4B65-A0A7-99C20C286E43}.Ad-Hoc|x64.Deploy.0 = Release|x64
		{1A9F1129-1D23-4B65-A0A7-99C20C286E43}.Ad-Hoc|x86.ActiveCfg = Release|x86
		{1A9F1129-1D23-4B65-A0A7-99C20C286E43}.Ad-Hoc|x86.Build.0 = Release|x86
		{1A9F1129-1D23-4B65-A0A7-99C20C286E43}.Ad-Hoc|x86.Deploy.0 = Release|x86
		{1A9F1129-1D23-4B65-A0A7-99C20C286E43}.AppStore|Any CPU.ActiveCfg = Release|x86
		{1A9F1129-1D23-4B65-A0A7-99C20C286E43}.AppStore|Any CPU.Build.0 = Release|x86
		{1A9F1129-1D23-4B65-A0A7-99C20C286E43}.AppStore|Any CPU.Deploy.0 = Release|x86
		{1A9F1129-1D23-4B65-A0A7-99C20C286E43}.AppStore|ARM.ActiveCfg = Release|ARM
		{1A9F1129-1D23-4B65-A0A7-99C20C286E43}.AppStore|ARM.Build.0 = Release|ARM
		{1A9F1129-1D23-4B65-A0A7-99C20C286E43}.AppStore|ARM.Deploy.0 = Release|ARM
		{1A9F1129-1D23-4B65-A0A7-99C20C286E43}.AppStore|iPhone.ActiveCfg = Release|x86
		{1A9F1129-1D23-4B65-A0A7-99C20C286E43}.AppStore|iPhone.Build.0 = Release|x86
		{1A9F1129-1D23-4B65-A0A7-99C20C286E43}.AppStore|iPhone.Deploy.0 = Release|x86
		{1A9F1129-1D23-4B65-A0A7-99C20C286E43}.AppStore|iPhoneSimulator.ActiveCfg = Release|x86
		{1A9F1129-1D23-4B65-A0A7-99C20C286E43}.AppStore|iPhoneSimulator.Build.0 = Release|x86
		{1A9F1129-1D23-4B65-A0A7-99C20C286E43}.AppStore|iPhoneSimulator.Deploy.0 = Release|x86
		{1A9F1129-1D23-4B65-A0A7-99C20C286E43}.AppStore|x64.ActiveCfg = Release|x64
		{1A9F1129-1D23-4B65-A0A7-99C20C286E43}.AppStore|x64.Build.0 = Release|x64
		{1A9F1129-1D23-4B65-A0A7-99C20C286E43}.AppStore|x64.Deploy.0 = Release|x64
		{1A9F1129-1D23-4B65-A0A7-99C20C286E43}.AppStore|x86.ActiveCfg = Release|x86
		{1A9F1129-1D23-4B65-A0A7-99C20C286E43}.AppStore|x86.Build.0 = Release|x86
		{1A9F1129-1D23-4B65-A0A7-99C20C286E43}.AppStore|x86.Deploy.0 = Release|x86
		{1A9F1129-1D23-4B65-A0A7-99C20C286E43}.Debug|Any CPU.ActiveCfg = Debug|x86
		{1A9F1129-1D23-4B65-A0A7-99C20C286E43}.Debug|Any CPU.Build.0 = Debug|x86
		{1A9F1129-1D23-4B65-A0A7-99C20C286E43}.Debug|Any CPU.Deploy.0 = Debug|x86
		{1A9F1129-1D23-4B65-A0A7-99C20C286E43}.Debug|ARM.ActiveCfg = Debug|ARM
		{1A9F1129-1D23-4B65-A0A7-99C20C286E43}.Debug|ARM.Build.0 = Debug|ARM
		{1A9F1129-1D23-4B65-A0A7-99C20C286E43}.Debug|ARM.Deploy.0 = Debug|ARM
		{1A9F1129-1D23-4B65-A0A7-99C20C286E43}.Debug|iPhone.ActiveCfg = Debug|x86
		{1A9F1129-1D23-4B65-A0A7-99C20C286E43}.Debug|iPhone.Build.0 = Debug|x86
		{1A9F1129-1D23-4B65-A0A7-99C20C286E43}.Debug|iPhone.Deploy.0 = Debug|x86
		{1A9F1129-1D23-4B65-A0A7-99C20C286E43}.Debug|iPhoneSimulator.ActiveCfg = Debug|x86
		{1A9F1129-1D23-4B65-A0A7-99C20C286E43}.Debug|iPhoneSimulator.Build.0 = Debug|x86
		{1A9F1129-1D23-4B65-A0A7-99C20C286E43}.Debug|iPhoneSimulator.Deploy.0 = Debug|x86
		{1A9F1129-1D23-4B65-A0A7-99C20C286E43}.Debug|x64.ActiveCfg = Debug|x64
		{1A9F1129-1D23-4B65-A0A7-99C20C286E43}.Debug|x64.Build.0 = Debug|x64
		{1A9F1129-1D23-4B65-A0A7-99C20C286E43}.Debug|x64.Deploy.0 = Debug|x64
		{1A9F1129-1D23-4B65-A0A7-99C20C286E43}.Debug|x86.ActiveCfg = Debug|x86
		{1A9F1129-1D23-4B65-A0A7-99C20C286E43}.Debug|x86.Build.0 = Debug|x86
		{1A9F1129-1D23-4B65-A0A7-99C20C286E43}.Debug|x86.Deploy.0 = Debug|x86
		{1A9F1129-1D23-4B65-A0A7-99C20C286E43}.Release|Any CPU.ActiveCfg = Release|x86
		{1A9F1129-1D23-4B65-A0A7-99C20C286E43}.Release|Any CPU.Build.0 = Release|x86
		{1A9F1129-1D23-4B65-A0A7-99C20C286E43}.Release|Any CPU.Deploy.0 = Release|x86
		{1A9F1129-1D23-4B65-A0A7-99C20C286E43}.Release|ARM.ActiveCfg = Release|ARM
		{1A9F1129-1D23-4B65-A0A7-99C20C286E43}.Release|ARM.Build.0 = Release|ARM
		{1A9F1129-1D23-4B65-A0A7-99C20C286E43}.Release|ARM.Deploy.0 = Release|ARM
		{1A9F1129-1D23-4B65-A0A7-99C20C286E43}.Release|iPhone.ActiveCfg = Release|x86
		{1A9F1129-1D23-4B65-A0A7-99C20C286E43}.Release|iPhone.Build.0 = Release|x86
		{1A9F1129-1D23-4B65-A0A7-99C20C286E43}.Release|iPhone.Deploy.0 = Release|x86
		{1A9F1129-1D23-4B65-A0A7-99C20C286E43}.Release|iPhoneSimulator.ActiveCfg = Release|x86
		{1A9F1129-1D23-4B65-A0A7-99C20C286E43}.Release|iPhoneSimulator.Build.0 = Release|x86
		{1A9F1129-1D23-4B65-A0A7-99C20C286E43}.Release|iPhoneSimulator.Deploy.0 = Release|x86
		{1A9F1129-1D23-4B65-A0A7-99C20C286E43}.Release|x64.ActiveCfg = Release|x64
		{1A9F1129-1D23-4B65-A0A7-99C20C286E43}.Release|x64.Build.0 = Release|x64
		{1A9F1129-1D23-4B65-A0A7-99C20C286E43}.Release|x64.Deploy.0 = Release|x64
		{1A9F1129-1D23-4B65-A0A7-99C20C286E43}.Release|x86.ActiveCfg = Release|x86
		{1A9F1129-1D23-4B65-A0A7-99C20C286E43}.Release|x86.Build.0 = Release|x86
		{1A9F1129-1D23-4B65-A0A7-99C20C286E43}.Release|x86.Deploy.0 = Release|x86
		{6D49BBF7-C2F7-48B6-B3F1-D6452B235DCD}.Ad-Hoc|Any CPU.ActiveCfg = Debug|Any CPU
		{6D49BBF7-C2F7-48B6-B3F1-D6452B235DCD}.Ad-Hoc|Any CPU.Build.0 = Debug|Any CPU
		{6D49BBF7-C2F7-48B6-B3F1-D6452B235DCD}.Ad-Hoc|Any CPU.Deploy.0 = Debug|Any CPU
		{6D49BBF7-C2F7-48B6-B3F1-D6452B235DCD}.Ad-Hoc|ARM.ActiveCfg = Debug|Any CPU
		{6D49BBF7-C2F7-48B6-B3F1-D6452B235DCD}.Ad-Hoc|ARM.Build.0 = Debug|Any CPU
		{6D49BBF7-C2F7-48B6-B3F1-D6452B235DCD}.Ad-Hoc|ARM.Deploy.0 = Debug|Any CPU
		{6D49BBF7-C2F7-48B6-B3F1-D6452B235DCD}.Ad-Hoc|iPhone.ActiveCfg = Debug|Any CPU
		{6D49BBF7-C2F7-48B6-B3F1-D6452B235DCD}.Ad-Hoc|iPhone.Build.0 = Debug|Any CPU
		{6D49BBF7-C2F7-48B6-B3F1-D6452B235DCD}.Ad-Hoc|iPhone.Deploy.0 = Debug|Any CPU
		{6D49BBF7-C2F7-48B6-B3F1-D6452B235DCD}.Ad-Hoc|iPhoneSimulator.ActiveCfg = Debug|Any CPU
		{6D49BBF7-C2F7-48B6-B3F1-D6452B235DCD}.Ad-Hoc|iPhoneSimulator.Build.0 = Debug|Any CPU
		{6D49BBF7-C2F7-48B6-B3F1-D6452B235DCD}.Ad-Hoc|iPhoneSimulator.Deploy.0 = Debug|Any CPU
		{6D49BBF7-C2F7-48B6-B3F1-D6452B235DCD}.Ad-Hoc|x64.ActiveCfg = Debug|Any CPU
		{6D49BBF7-C2F7-48B6-B3F1-D6452B235DCD}.Ad-Hoc|x64.Build.0 = Debug|Any CPU
		{6D49BBF7-C2F7-48B6-B3F1-D6452B235DCD}.Ad-Hoc|x64.Deploy.0 = Debug|Any CPU
		{6D49BBF7-C2F7-48B6-B3F1-D6452B235DCD}.Ad-Hoc|x86.ActiveCfg = Debug|Any CPU
		{6D49BBF7-C2F7-48B6-B3F1-D6452B235DCD}.Ad-Hoc|x86.Build.0 = Debug|Any CPU
		{6D49BBF7-C2F7-48B6-B3F1-D6452B235DCD}.Ad-Hoc|x86.Deploy.0 = Debug|Any CPU
		{6D49BBF7-C2F7-48B6-B3F1-D6452B235DCD}.AppStore|Any CPU.ActiveCfg = Debug|Any CPU
		{6D49BBF7-C2F7-48B6-B3F1-D6452B235DCD}.AppStore|Any CPU.Build.0 = Debug|Any CPU
		{6D49BBF7-C2F7-48B6-B3F1-D6452B235DCD}.AppStore|Any CPU.Deploy.0 = Debug|Any CPU
		{6D49BBF7-C2F7-48B6-B3F1-D6452B235DCD}.AppStore|ARM.ActiveCfg = Debug|Any CPU
		{6D49BBF7-C2F7-48B6-B3F1-D6452B235DCD}.AppStore|ARM.Build.0 = Debug|Any CPU
		{6D49BBF7-C2F7-48B6-B3F1-D6452B235DCD}.AppStore|ARM.Deploy.0 = Debug|Any CPU
		{6D49BBF7-C2F7-48B6-B3F1-D6452B235DCD}.AppStore|iPhone.ActiveCfg = Debug|Any CPU
		{6D49BBF7-C2F7-48B6-B3F1-D6452B235DCD}.AppStore|iPhone.Build.0 = Debug|Any CPU
		{6D49BBF7-C2F7-48B6-B3F1-D6452B235DCD}.AppStore|iPhone.Deploy.0 = Debug|Any CPU
		{6D49BBF7-C2F7-48B6-B3F1-D6452B235DCD}.AppStore|iPhoneSimulator.ActiveCfg = Debug|Any CPU
		{6D49BBF7-C2F7-48B6-B3F1-D6452B235DCD}.AppStore|iPhoneSimulator.Build.0 = Debug|Any CPU
		{6D49BBF7-C2F7-48B6-B3F1-D6452B235DCD}.AppStore|iPhoneSimulator.Deploy.0 = Debug|Any CPU
		{6D49BBF7-C2F7-48B6-B3F1-D6452B235DCD}.AppStore|x64.ActiveCfg = Debug|Any CPU
		{6D49BBF7-C2F7-48B6-B3F1-D6452B235DCD}.AppStore|x64.Build.0 = Debug|Any CPU
		{6D49BBF7-C2F7-48B6-B3F1-D6452B235DCD}.AppStore|x64.Deploy.0 = Debug|Any CPU
		{6D49BBF7-C2F7-48B6-B3F1-D6452B235DCD}.AppStore|x86.ActiveCfg = Debug|Any CPU
		{6D49BBF7-C2F7-48B6-B3F1-D6452B235DCD}.AppStore|x86.Build.0 = Debug|Any CPU
		{6D49BBF7-C2F7-48B6-B3F1-D6452B235DCD}.AppStore|x86.Deploy.0 = Debug|Any CPU
		{6D49BBF7-C2F7-48B6-B3F1-D6452B235DCD}.Debug|Any CPU.ActiveCfg = Debug|Any CPU
		{6D49BBF7-C2F7-48B6-B3F1-D6452B235DCD}.Debug|Any CPU.Build.0 = Debug|Any CPU
		{6D49BBF7-C2F7-48B6-B3F1-D6452B235DCD}.Debug|Any CPU.Deploy.0 = Debug|Any CPU
		{6D49BBF7-C2F7-48B6-B3F1-D6452B235DCD}.Debug|ARM.ActiveCfg = Debug|Any CPU
		{6D49BBF7-C2F7-48B6-B3F1-D6452B235DCD}.Debug|ARM.Build.0 = Debug|Any CPU
		{6D49BBF7-C2F7-48B6-B3F1-D6452B235DCD}.Debug|ARM.Deploy.0 = Debug|Any CPU
		{6D49BBF7-C2F7-48B6-B3F1-D6452B235DCD}.Debug|iPhone.ActiveCfg = Debug|Any CPU
		{6D49BBF7-C2F7-48B6-B3F1-D6452B235DCD}.Debug|iPhone.Build.0 = Debug|Any CPU
		{6D49BBF7-C2F7-48B6-B3F1-D6452B235DCD}.Debug|iPhone.Deploy.0 = Debug|Any CPU
		{6D49BBF7-C2F7-48B6-B3F1-D6452B235DCD}.Debug|iPhoneSimulator.ActiveCfg = Debug|Any CPU
		{6D49BBF7-C2F7-48B6-B3F1-D6452B235DCD}.Debug|iPhoneSimulator.Build.0 = Debug|Any CPU
		{6D49BBF7-C2F7-48B6-B3F1-D6452B235DCD}.Debug|iPhoneSimulator.Deploy.0 = Debug|Any CPU
		{6D49BBF7-C2F7-48B6-B3F1-D6452B235DCD}.Debug|x64.ActiveCfg = Debug|Any CPU
		{6D49BBF7-C2F7-48B6-B3F1-D6452B235DCD}.Debug|x64.Build.0 = Debug|Any CPU
		{6D49BBF7-C2F7-48B6-B3F1-D6452B235DCD}.Debug|x64.Deploy.0 = Debug|Any CPU
		{6D49BBF7-C2F7-48B6-B3F1-D6452B235DCD}.Debug|x86.ActiveCfg = Debug|Any CPU
		{6D49BBF7-C2F7-48B6-B3F1-D6452B235DCD}.Debug|x86.Build.0 = Debug|Any CPU
		{6D49BBF7-C2F7-48B6-B3F1-D6452B235DCD}.Debug|x86.Deploy.0 = Debug|Any CPU
		{6D49BBF7-C2F7-48B6-B3F1-D6452B235DCD}.Release|Any CPU.ActiveCfg = Release|Any CPU
		{6D49BBF7-C2F7-48B6-B3F1-D6452B235DCD}.Release|Any CPU.Build.0 = Release|Any CPU
		{6D49BBF7-C2F7-48B6-B3F1-D6452B235DCD}.Release|Any CPU.Deploy.0 = Release|Any CPU
		{6D49BBF7-C2F7-48B6-B3F1-D6452B235DCD}.Release|ARM.ActiveCfg = Release|Any CPU
		{6D49BBF7-C2F7-48B6-B3F1-D6452B235DCD}.Release|ARM.Build.0 = Release|Any CPU
		{6D49BBF7-C2F7-48B6-B3F1-D6452B235DCD}.Release|ARM.Deploy.0 = Release|Any CPU
		{6D49BBF7-C2F7-48B6-B3F1-D6452B235DCD}.Release|iPhone.ActiveCfg = Release|Any CPU
		{6D49BBF7-C2F7-48B6-B3F1-D6452B235DCD}.Release|iPhone.Build.0 = Release|Any CPU
		{6D49BBF7-C2F7-48B6-B3F1-D6452B235DCD}.Release|iPhone.Deploy.0 = Release|Any CPU
		{6D49BBF7-C2F7-48B6-B3F1-D6452B235DCD}.Release|iPhoneSimulator.ActiveCfg = Release|Any CPU
		{6D49BBF7-C2F7-48B6-B3F1-D6452B235DCD}.Release|iPhoneSimulator.Build.0 = Release|Any CPU
		{6D49BBF7-C2F7-48B6-B3F1-D6452B235DCD}.Release|iPhoneSimulator.Deploy.0 = Release|Any CPU
		{6D49BBF7-C2F7-48B6-B3F1-D6452B235DCD}.Release|x64.ActiveCfg = Release|Any CPU
		{6D49BBF7-C2F7-48B6-B3F1-D6452B235DCD}.Release|x64.Build.0 = Release|Any CPU
		{6D49BBF7-C2F7-48B6-B3F1-D6452B235DCD}.Release|x64.Deploy.0 = Release|Any CPU
		{6D49BBF7-C2F7-48B6-B3F1-D6452B235DCD}.Release|x86.ActiveCfg = Release|Any CPU
		{6D49BBF7-C2F7-48B6-B3F1-D6452B235DCD}.Release|x86.Build.0 = Release|Any CPU
		{6D49BBF7-C2F7-48B6-B3F1-D6452B235DCD}.Release|x86.Deploy.0 = Release|Any CPU
	EndGlobalSection
	GlobalSection(SolutionProperties) = preSolution
		HideSolutionNode = FALSE
	EndGlobalSection
	GlobalSection(ExtensibilityGlobals) = postSolution
		SolutionGuid = {A4E308C1-1615-4F13-A316-139E6BE0CF7B}
	EndGlobalSection
EndGlobal
